// !$*UTF8*$!
{
	archiveVersion = 1;
	classes = {
	};
	objectVersion = 56;
	objects = {

/* Begin PBXBuildFile section */
		A94121732A82D9F300A635D5 /* UIImage + Ext.swift in Sources */ = {isa = PBXBuildFile; fileRef = A94121722A82D9F300A635D5 /* UIImage + Ext.swift */; };
		A9BEA0F12A61C4C000E06221 /* ETipoRelatorioAppFinanceiro.swift in Sources */ = {isa = PBXBuildFile; fileRef = A9BEA0F02A61C4C000E06221 /* ETipoRelatorioAppFinanceiro.swift */; };
		A9BEA0F32A61C4E300E06221 /* RequestData.swift in Sources */ = {isa = PBXBuildFile; fileRef = A9BEA0F22A61C4E300E06221 /* RequestData.swift */; };
		A9BEA0F52A61C5EB00E06221 /* LoginScreenViewModel.swift in Sources */ = {isa = PBXBuildFile; fileRef = A9BEA0F42A61C5EB00E06221 /* LoginScreenViewModel.swift */; };
		A9BEA0F72A61CBB900E06221 /* MainScreenViewModel.swift in Sources */ = {isa = PBXBuildFile; fileRef = A9BEA0F62A61CBB900E06221 /* MainScreenViewModel.swift */; };
		A9BEA0F92A61E7D500E06221 /* MainScreenViewModelDelegate.swift in Sources */ = {isa = PBXBuildFile; fileRef = A9BEA0F82A61E7D500E06221 /* MainScreenViewModelDelegate.swift */; };
		A9BEA0FE2A65E32800E06221 /* UserDefaults.swift in Sources */ = {isa = PBXBuildFile; fileRef = A9BEA0FD2A65E32800E06221 /* UserDefaults.swift */; };
		A9BEA1002A65E7DC00E06221 /* AuthRequestData.swift in Sources */ = {isa = PBXBuildFile; fileRef = A9BEA0FF2A65E7DC00E06221 /* AuthRequestData.swift */; };
		A9EC6A622A5EF21E00FB792C /* AppDelegate.swift in Sources */ = {isa = PBXBuildFile; fileRef = A9EC6A612A5EF21E00FB792C /* AppDelegate.swift */; };
		A9EC6A642A5EF21E00FB792C /* SceneDelegate.swift in Sources */ = {isa = PBXBuildFile; fileRef = A9EC6A632A5EF21E00FB792C /* SceneDelegate.swift */; };
		A9EC6A6B2A5EF21F00FB792C /* Assets.xcassets in Resources */ = {isa = PBXBuildFile; fileRef = A9EC6A6A2A5EF21F00FB792C /* Assets.xcassets */; };
		A9EC6A792A5F063A00FB792C /* VarejoInovFlowController.swift in Sources */ = {isa = PBXBuildFile; fileRef = A9EC6A782A5F063A00FB792C /* VarejoInovFlowController.swift */; };
		A9EC6A7D2A5F086100FB792C /* ViewControllerFactory.swift in Sources */ = {isa = PBXBuildFile; fileRef = A9EC6A7C2A5F086100FB792C /* ViewControllerFactory.swift */; };
		A9EC6A7F2A5F087500FB792C /* ViewControllerFactoryProtocol.swift in Sources */ = {isa = PBXBuildFile; fileRef = A9EC6A7E2A5F087500FB792C /* ViewControllerFactoryProtocol.swift */; };
		A9EC6A8A2A5F0CA700FB792C /* LoginScreenView.swift in Sources */ = {isa = PBXBuildFile; fileRef = A9EC6A892A5F0CA700FB792C /* LoginScreenView.swift */; };
		A9EC6A8C2A5F0CB600FB792C /* LoginScreenViewDelegate.swift in Sources */ = {isa = PBXBuildFile; fileRef = A9EC6A8B2A5F0CB600FB792C /* LoginScreenViewDelegate.swift */; };
		A9EC6A8E2A5F0CC500FB792C /* LoginScreenViewController.swift in Sources */ = {isa = PBXBuildFile; fileRef = A9EC6A8D2A5F0CC500FB792C /* LoginScreenViewController.swift */; };
		A9EC6A902A5F0CD400FB792C /* LoginScreenFlowDelegate.swift in Sources */ = {isa = PBXBuildFile; fileRef = A9EC6A8F2A5F0CD400FB792C /* LoginScreenFlowDelegate.swift */; };
		A9EC6A952A5F203500FB792C /* UITextField+ Ext.swift in Sources */ = {isa = PBXBuildFile; fileRef = A9EC6A942A5F203500FB792C /* UITextField+ Ext.swift */; };
		A9EC6A972A5F3D2200FB792C /* MainScreenViewController.swift in Sources */ = {isa = PBXBuildFile; fileRef = A9EC6A962A5F3D2200FB792C /* MainScreenViewController.swift */; };
		A9EC6A992A5F3D2C00FB792C /* MainScreenFlowDelegate.swift in Sources */ = {isa = PBXBuildFile; fileRef = A9EC6A982A5F3D2C00FB792C /* MainScreenFlowDelegate.swift */; };
		A9EC6A9B2A5F3D3200FB792C /* MainScreenView.swift in Sources */ = {isa = PBXBuildFile; fileRef = A9EC6A9A2A5F3D3200FB792C /* MainScreenView.swift */; };
		A9EC6A9D2A5F3D4000FB792C /* MainScreenViewDelegate.swift in Sources */ = {isa = PBXBuildFile; fileRef = A9EC6A9C2A5F3D4000FB792C /* MainScreenViewDelegate.swift */; };
		DCFD0A8FB749A1F4207A7BDF /* Pods_VarejoInov.framework in Frameworks */ = {isa = PBXBuildFile; fileRef = 04CB4E4DC9E4E3EAE219CEB1 /* Pods_VarejoInov.framework */; };
/* End PBXBuildFile section */

/* Begin PBXFileReference section */
		04CB4E4DC9E4E3EAE219CEB1 /* Pods_VarejoInov.framework */ = {isa = PBXFileReference; explicitFileType = wrapper.framework; includeInIndex = 0; path = Pods_VarejoInov.framework; sourceTree = BUILT_PRODUCTS_DIR; };
		2134C3B9F073FAC2D75EDEB5 /* Pods-VarejoInov.debug.xcconfig */ = {isa = PBXFileReference; includeInIndex = 1; lastKnownFileType = text.xcconfig; name = "Pods-VarejoInov.debug.xcconfig"; path = "Target Support Files/Pods-VarejoInov/Pods-VarejoInov.debug.xcconfig"; sourceTree = "<group>"; };
		597FA1638084531C2201BF2F /* Pods-VarejoInov.release.xcconfig */ = {isa = PBXFileReference; includeInIndex = 1; lastKnownFileType = text.xcconfig; name = "Pods-VarejoInov.release.xcconfig"; path = "Target Support Files/Pods-VarejoInov/Pods-VarejoInov.release.xcconfig"; sourceTree = "<group>"; };
		A94121722A82D9F300A635D5 /* UIImage + Ext.swift */ = {isa = PBXFileReference; lastKnownFileType = sourcecode.swift; path = "UIImage + Ext.swift"; sourceTree = "<group>"; };
		A9BEA0F02A61C4C000E06221 /* ETipoRelatorioAppFinanceiro.swift */ = {isa = PBXFileReference; lastKnownFileType = sourcecode.swift; path = ETipoRelatorioAppFinanceiro.swift; sourceTree = "<group>"; };
		A9BEA0F22A61C4E300E06221 /* RequestData.swift */ = {isa = PBXFileReference; lastKnownFileType = sourcecode.swift; path = RequestData.swift; sourceTree = "<group>"; };
		A9BEA0F42A61C5EB00E06221 /* LoginScreenViewModel.swift */ = {isa = PBXFileReference; lastKnownFileType = sourcecode.swift; path = LoginScreenViewModel.swift; sourceTree = "<group>"; };
		A9BEA0F62A61CBB900E06221 /* MainScreenViewModel.swift */ = {isa = PBXFileReference; lastKnownFileType = sourcecode.swift; path = MainScreenViewModel.swift; sourceTree = "<group>"; };
		A9BEA0F82A61E7D500E06221 /* MainScreenViewModelDelegate.swift */ = {isa = PBXFileReference; lastKnownFileType = sourcecode.swift; path = MainScreenViewModelDelegate.swift; sourceTree = "<group>"; };
		A9BEA0FD2A65E32800E06221 /* UserDefaults.swift */ = {isa = PBXFileReference; lastKnownFileType = sourcecode.swift; path = UserDefaults.swift; sourceTree = "<group>"; };
		A9BEA0FF2A65E7DC00E06221 /* AuthRequestData.swift */ = {isa = PBXFileReference; lastKnownFileType = sourcecode.swift; path = AuthRequestData.swift; sourceTree = "<group>"; };
		A9EC6A5E2A5EF21E00FB792C /* VarejoInov.app */ = {isa = PBXFileReference; explicitFileType = wrapper.application; includeInIndex = 0; path = VarejoInov.app; sourceTree = BUILT_PRODUCTS_DIR; };
		A9EC6A612A5EF21E00FB792C /* AppDelegate.swift */ = {isa = PBXFileReference; lastKnownFileType = sourcecode.swift; path = AppDelegate.swift; sourceTree = "<group>"; };
		A9EC6A632A5EF21E00FB792C /* SceneDelegate.swift */ = {isa = PBXFileReference; lastKnownFileType = sourcecode.swift; path = SceneDelegate.swift; sourceTree = "<group>"; };
		A9EC6A6A2A5EF21F00FB792C /* Assets.xcassets */ = {isa = PBXFileReference; lastKnownFileType = folder.assetcatalog; path = Assets.xcassets; sourceTree = "<group>"; };
		A9EC6A6F2A5EF21F00FB792C /* Info.plist */ = {isa = PBXFileReference; lastKnownFileType = text.plist.xml; path = Info.plist; sourceTree = "<group>"; };
		A9EC6A782A5F063A00FB792C /* VarejoInovFlowController.swift */ = {isa = PBXFileReference; lastKnownFileType = sourcecode.swift; path = VarejoInovFlowController.swift; sourceTree = "<group>"; };
		A9EC6A7C2A5F086100FB792C /* ViewControllerFactory.swift */ = {isa = PBXFileReference; lastKnownFileType = sourcecode.swift; path = ViewControllerFactory.swift; sourceTree = "<group>"; };
		A9EC6A7E2A5F087500FB792C /* ViewControllerFactoryProtocol.swift */ = {isa = PBXFileReference; lastKnownFileType = sourcecode.swift; path = ViewControllerFactoryProtocol.swift; sourceTree = "<group>"; };
		A9EC6A892A5F0CA700FB792C /* LoginScreenView.swift */ = {isa = PBXFileReference; lastKnownFileType = sourcecode.swift; path = LoginScreenView.swift; sourceTree = "<group>"; };
		A9EC6A8B2A5F0CB600FB792C /* LoginScreenViewDelegate.swift */ = {isa = PBXFileReference; lastKnownFileType = sourcecode.swift; path = LoginScreenViewDelegate.swift; sourceTree = "<group>"; };
		A9EC6A8D2A5F0CC500FB792C /* LoginScreenViewController.swift */ = {isa = PBXFileReference; lastKnownFileType = sourcecode.swift; path = LoginScreenViewController.swift; sourceTree = "<group>"; };
		A9EC6A8F2A5F0CD400FB792C /* LoginScreenFlowDelegate.swift */ = {isa = PBXFileReference; lastKnownFileType = sourcecode.swift; path = LoginScreenFlowDelegate.swift; sourceTree = "<group>"; };
		A9EC6A942A5F203500FB792C /* UITextField+ Ext.swift */ = {isa = PBXFileReference; lastKnownFileType = sourcecode.swift; path = "UITextField+ Ext.swift"; sourceTree = "<group>"; };
		A9EC6A962A5F3D2200FB792C /* MainScreenViewController.swift */ = {isa = PBXFileReference; lastKnownFileType = sourcecode.swift; path = MainScreenViewController.swift; sourceTree = "<group>"; };
		A9EC6A982A5F3D2C00FB792C /* MainScreenFlowDelegate.swift */ = {isa = PBXFileReference; lastKnownFileType = sourcecode.swift; path = MainScreenFlowDelegate.swift; sourceTree = "<group>"; };
		A9EC6A9A2A5F3D3200FB792C /* MainScreenView.swift */ = {isa = PBXFileReference; lastKnownFileType = sourcecode.swift; path = MainScreenView.swift; sourceTree = "<group>"; };
		A9EC6A9C2A5F3D4000FB792C /* MainScreenViewDelegate.swift */ = {isa = PBXFileReference; lastKnownFileType = sourcecode.swift; path = MainScreenViewDelegate.swift; sourceTree = "<group>"; };
/* End PBXFileReference section */

/* Begin PBXFrameworksBuildPhase section */
		A9EC6A5B2A5EF21E00FB792C /* Frameworks */ = {
			isa = PBXFrameworksBuildPhase;
			buildActionMask = 2147483647;
			files = (
				DCFD0A8FB749A1F4207A7BDF /* Pods_VarejoInov.framework in Frameworks */,
			);
			runOnlyForDeploymentPostprocessing = 0;
		};
/* End PBXFrameworksBuildPhase section */

/* Begin PBXGroup section */
		580FDAA634709D5F1339B318 /* Frameworks */ = {
			isa = PBXGroup;
			children = (
				04CB4E4DC9E4E3EAE219CEB1 /* Pods_VarejoInov.framework */,
			);
			name = Frameworks;
			sourceTree = "<group>";
		};
		6AA15925BF12015D9F26EEC8 /* Pods */ = {
			isa = PBXGroup;
			children = (
				2134C3B9F073FAC2D75EDEB5 /* Pods-VarejoInov.debug.xcconfig */,
				597FA1638084531C2201BF2F /* Pods-VarejoInov.release.xcconfig */,
			);
			path = Pods;
			sourceTree = "<group>";
		};
		A94121742A82EFD100A635D5 /* DomainScreen */ = {
			isa = PBXGroup;
			children = (
				A94121762A82EFE100A635D5 /* View */,
				A94121752A82EFDB00A635D5 /* ViewModel */,
			);
			path = DomainScreen;
			sourceTree = "<group>";
		};
		A94121752A82EFDB00A635D5 /* ViewModel */ = {
			isa = PBXGroup;
			children = (
			);
			path = ViewModel;
			sourceTree = "<group>";
		};
		A94121762A82EFE100A635D5 /* View */ = {
			isa = PBXGroup;
			children = (
			);
			path = View;
			sourceTree = "<group>";
		};
		A9BEA0FC2A65E31900E06221 /* UserDefaults */ = {
			isa = PBXGroup;
			children = (
				A9BEA0FD2A65E32800E06221 /* UserDefaults.swift */,
			);
			path = UserDefaults;
			sourceTree = "<group>";
		};
		A9EC6A552A5EF21E00FB792C = {
			isa = PBXGroup;
			children = (
				A9EC6A602A5EF21E00FB792C /* VarejoInov */,
				A9EC6A5F2A5EF21E00FB792C /* Products */,
				6AA15925BF12015D9F26EEC8 /* Pods */,
				580FDAA634709D5F1339B318 /* Frameworks */,
			);
			sourceTree = "<group>";
		};
		A9EC6A5F2A5EF21E00FB792C /* Products */ = {
			isa = PBXGroup;
			children = (
				A9EC6A5E2A5EF21E00FB792C /* VarejoInov.app */,
			);
			name = Products;
			sourceTree = "<group>";
		};
		A9EC6A602A5EF21E00FB792C /* VarejoInov */ = {
			isa = PBXGroup;
			children = (
				A9EC6A762A5F05E300FB792C /* Resources */,
				A9EC6A752A5EF49C00FB792C /* Sources */,
				A9EC6A6F2A5EF21F00FB792C /* Info.plist */,
			);
			path = VarejoInov;
			sourceTree = "<group>";
		};
		A9EC6A752A5EF49C00FB792C /* Sources */ = {
			isa = PBXGroup;
			children = (
				A9BEA0FC2A65E31900E06221 /* UserDefaults */,
				A9EC6A822A5F09A100FB792C /* Components */,
				A9EC6A812A5F099800FB792C /* Extensions */,
				A9EC6A802A5F099200FB792C /* Models */,
				A9EC6A7A2A5F083A00FB792C /* DependencyInjection */,
				A9EC6A772A5F061800FB792C /* Features */,
				A9EC6A632A5EF21E00FB792C /* SceneDelegate.swift */,
				A9EC6A782A5F063A00FB792C /* VarejoInovFlowController.swift */,
				A9EC6A612A5EF21E00FB792C /* AppDelegate.swift */,
			);
			path = Sources;
			sourceTree = "<group>";
		};
		A9EC6A762A5F05E300FB792C /* Resources */ = {
			isa = PBXGroup;
			children = (
				A9EC6A6A2A5EF21F00FB792C /* Assets.xcassets */,
			);
			path = Resources;
			sourceTree = "<group>";
		};
		A9EC6A772A5F061800FB792C /* Features */ = {
			isa = PBXGroup;
			children = (
				A94121742A82EFD100A635D5 /* DomainScreen */,
				A9EC6A912A5F0CEE00FB792C /* SubDomainScreen */,
				A9EC6A832A5F09D400FB792C /* LoginScreen */,
				A9EC6A842A5F0A1300FB792C /* MainScreen */,
			);
			path = Features;
			sourceTree = "<group>";
		};
		A9EC6A7A2A5F083A00FB792C /* DependencyInjection */ = {
			isa = PBXGroup;
			children = (
				A9EC6A7B2A5F084900FB792C /* ViewControllers */,
			);
			path = DependencyInjection;
			sourceTree = "<group>";
		};
		A9EC6A7B2A5F084900FB792C /* ViewControllers */ = {
			isa = PBXGroup;
			children = (
				A9EC6A7C2A5F086100FB792C /* ViewControllerFactory.swift */,
				A9EC6A7E2A5F087500FB792C /* ViewControllerFactoryProtocol.swift */,
			);
			path = ViewControllers;
			sourceTree = "<group>";
		};
		A9EC6A802A5F099200FB792C /* Models */ = {
			isa = PBXGroup;
			children = (
				A9BEA0F02A61C4C000E06221 /* ETipoRelatorioAppFinanceiro.swift */,
				A9BEA0F22A61C4E300E06221 /* RequestData.swift */,
				A9BEA0FF2A65E7DC00E06221 /* AuthRequestData.swift */,
			);
			path = Models;
			sourceTree = "<group>";
		};
		A9EC6A812A5F099800FB792C /* Extensions */ = {
			isa = PBXGroup;
			children = (
				A9EC6A942A5F203500FB792C /* UITextField+ Ext.swift */,
				A94121722A82D9F300A635D5 /* UIImage + Ext.swift */,
			);
			path = Extensions;
			sourceTree = "<group>";
		};
		A9EC6A822A5F09A100FB792C /* Components */ = {
			isa = PBXGroup;
			children = (
			);
			path = Components;
			sourceTree = "<group>";
		};
		A9EC6A832A5F09D400FB792C /* LoginScreen */ = {
			isa = PBXGroup;
			children = (
				A9EC6A862A5F0A2800FB792C /* ViewModel */,
				A9EC6A852A5F0A2100FB792C /* View */,
				A9EC6A8D2A5F0CC500FB792C /* LoginScreenViewController.swift */,
				A9EC6A8F2A5F0CD400FB792C /* LoginScreenFlowDelegate.swift */,
			);
			path = LoginScreen;
			sourceTree = "<group>";
		};
		A9EC6A842A5F0A1300FB792C /* MainScreen */ = {
			isa = PBXGroup;
			children = (
				A9EC6A882A5F0A3400FB792C /* ViewModel */,
				A9EC6A872A5F0A3000FB792C /* View */,
				A9EC6A962A5F3D2200FB792C /* MainScreenViewController.swift */,
				A9EC6A982A5F3D2C00FB792C /* MainScreenFlowDelegate.swift */,
			);
			path = MainScreen;
			sourceTree = "<group>";
		};
		A9EC6A852A5F0A2100FB792C /* View */ = {
			isa = PBXGroup;
			children = (
				A9EC6A892A5F0CA700FB792C /* LoginScreenView.swift */,
				A9EC6A8B2A5F0CB600FB792C /* LoginScreenViewDelegate.swift */,
			);
			path = View;
			sourceTree = "<group>";
		};
		A9EC6A862A5F0A2800FB792C /* ViewModel */ = {
			isa = PBXGroup;
			children = (
				A9BEA0F42A61C5EB00E06221 /* LoginScreenViewModel.swift */,
			);
			path = ViewModel;
			sourceTree = "<group>";
		};
		A9EC6A872A5F0A3000FB792C /* View */ = {
			isa = PBXGroup;
			children = (
				A9EC6A9A2A5F3D3200FB792C /* MainScreenView.swift */,
				A9EC6A9C2A5F3D4000FB792C /* MainScreenViewDelegate.swift */,
			);
			path = View;
			sourceTree = "<group>";
		};
		A9EC6A882A5F0A3400FB792C /* ViewModel */ = {
			isa = PBXGroup;
			children = (
				A9BEA0F62A61CBB900E06221 /* MainScreenViewModel.swift */,
				A9BEA0F82A61E7D500E06221 /* MainScreenViewModelDelegate.swift */,
			);
			path = ViewModel;
			sourceTree = "<group>";
		};
		A9EC6A912A5F0CEE00FB792C /* SubDomainScreen */ = {
			isa = PBXGroup;
			children = (
				A9EC6A932A5F0CFA00FB792C /* ViewModel */,
				A9EC6A922A5F0CF600FB792C /* View */,
			);
			path = SubDomainScreen;
			sourceTree = "<group>";
		};
		A9EC6A922A5F0CF600FB792C /* View */ = {
			isa = PBXGroup;
			children = (
			);
			path = View;
			sourceTree = "<group>";
		};
		A9EC6A932A5F0CFA00FB792C /* ViewModel */ = {
			isa = PBXGroup;
			children = (
			);
			path = ViewModel;
			sourceTree = "<group>";
		};
/* End PBXGroup section */

/* Begin PBXNativeTarget section */
		A9EC6A5D2A5EF21E00FB792C /* VarejoInov */ = {
			isa = PBXNativeTarget;
			buildConfigurationList = A9EC6A722A5EF21F00FB792C /* Build configuration list for PBXNativeTarget "VarejoInov" */;
			buildPhases = (
				A46B62AA8B27204C9AD08674 /* [CP] Check Pods Manifest.lock */,
				A9EC6A5A2A5EF21E00FB792C /* Sources */,
				A9EC6A5B2A5EF21E00FB792C /* Frameworks */,
				A9EC6A5C2A5EF21E00FB792C /* Resources */,
				315A56CEE4A0F7D790B66ABA /* [CP] Embed Pods Frameworks */,
			);
			buildRules = (
			);
			dependencies = (
			);
			name = VarejoInov;
			productName = VarejoInov;
			productReference = A9EC6A5E2A5EF21E00FB792C /* VarejoInov.app */;
			productType = "com.apple.product-type.application";
		};
/* End PBXNativeTarget section */

/* Begin PBXProject section */
		A9EC6A562A5EF21E00FB792C /* Project object */ = {
			isa = PBXProject;
			attributes = {
				BuildIndependentTargetsInParallel = 1;
				LastSwiftUpdateCheck = 1420;
				LastUpgradeCheck = 1420;
				TargetAttributes = {
					A9EC6A5D2A5EF21E00FB792C = {
						CreatedOnToolsVersion = 14.2;
					};
				};
			};
			buildConfigurationList = A9EC6A592A5EF21E00FB792C /* Build configuration list for PBXProject "VarejoInov" */;
			compatibilityVersion = "Xcode 14.0";
			developmentRegion = en;
			hasScannedForEncodings = 0;
			knownRegions = (
				en,
				Base,
			);
			mainGroup = A9EC6A552A5EF21E00FB792C;
			productRefGroup = A9EC6A5F2A5EF21E00FB792C /* Products */;
			projectDirPath = "";
			projectRoot = "";
			targets = (
				A9EC6A5D2A5EF21E00FB792C /* VarejoInov */,
			);
		};
/* End PBXProject section */

/* Begin PBXResourcesBuildPhase section */
		A9EC6A5C2A5EF21E00FB792C /* Resources */ = {
			isa = PBXResourcesBuildPhase;
			buildActionMask = 2147483647;
			files = (
				A9EC6A6B2A5EF21F00FB792C /* Assets.xcassets in Resources */,
			);
			runOnlyForDeploymentPostprocessing = 0;
		};
/* End PBXResourcesBuildPhase section */

/* Begin PBXShellScriptBuildPhase section */
		315A56CEE4A0F7D790B66ABA /* [CP] Embed Pods Frameworks */ = {
			isa = PBXShellScriptBuildPhase;
			buildActionMask = 2147483647;
			files = (
			);
			inputFileListPaths = (
				"${PODS_ROOT}/Target Support Files/Pods-VarejoInov/Pods-VarejoInov-frameworks-${CONFIGURATION}-input-files.xcfilelist",
			);
			name = "[CP] Embed Pods Frameworks";
			outputFileListPaths = (
				"${PODS_ROOT}/Target Support Files/Pods-VarejoInov/Pods-VarejoInov-frameworks-${CONFIGURATION}-output-files.xcfilelist",
			);
			runOnlyForDeploymentPostprocessing = 0;
			shellPath = /bin/sh;
			shellScript = "\"${PODS_ROOT}/Target Support Files/Pods-VarejoInov/Pods-VarejoInov-frameworks.sh\"\n";
			showEnvVarsInLog = 0;
		};
		A46B62AA8B27204C9AD08674 /* [CP] Check Pods Manifest.lock */ = {
			isa = PBXShellScriptBuildPhase;
			buildActionMask = 2147483647;
			files = (
			);
			inputFileListPaths = (
			);
			inputPaths = (
				"${PODS_PODFILE_DIR_PATH}/Podfile.lock",
				"${PODS_ROOT}/Manifest.lock",
			);
			name = "[CP] Check Pods Manifest.lock";
			outputFileListPaths = (
			);
			outputPaths = (
				"$(DERIVED_FILE_DIR)/Pods-VarejoInov-checkManifestLockResult.txt",
			);
			runOnlyForDeploymentPostprocessing = 0;
			shellPath = /bin/sh;
			shellScript = "diff \"${PODS_PODFILE_DIR_PATH}/Podfile.lock\" \"${PODS_ROOT}/Manifest.lock\" > /dev/null\nif [ $? != 0 ] ; then\n    # print error to STDERR\n    echo \"error: The sandbox is not in sync with the Podfile.lock. Run 'pod install' or update your CocoaPods installation.\" >&2\n    exit 1\nfi\n# This output is used by Xcode 'outputs' to avoid re-running this script phase.\necho \"SUCCESS\" > \"${SCRIPT_OUTPUT_FILE_0}\"\n";
			showEnvVarsInLog = 0;
		};
/* End PBXShellScriptBuildPhase section */

/* Begin PBXSourcesBuildPhase section */
		A9EC6A5A2A5EF21E00FB792C /* Sources */ = {
			isa = PBXSourcesBuildPhase;
			buildActionMask = 2147483647;
			files = (
				A9BEA0F12A61C4C000E06221 /* ETipoRelatorioAppFinanceiro.swift in Sources */,
				A9EC6A9D2A5F3D4000FB792C /* MainScreenViewDelegate.swift in Sources */,
				A9EC6A7F2A5F087500FB792C /* ViewControllerFactoryProtocol.swift in Sources */,
				A94121732A82D9F300A635D5 /* UIImage + Ext.swift in Sources */,
				A9EC6A8C2A5F0CB600FB792C /* LoginScreenViewDelegate.swift in Sources */,
				A9EC6A8E2A5F0CC500FB792C /* LoginScreenViewController.swift in Sources */,
				A9BEA0F72A61CBB900E06221 /* MainScreenViewModel.swift in Sources */,
				A9EC6A622A5EF21E00FB792C /* AppDelegate.swift in Sources */,
				A9BEA0F92A61E7D500E06221 /* MainScreenViewModelDelegate.swift in Sources */,
				A9BEA1002A65E7DC00E06221 /* AuthRequestData.swift in Sources */,
				A9EC6A7D2A5F086100FB792C /* ViewControllerFactory.swift in Sources */,
				A9EC6A792A5F063A00FB792C /* VarejoInovFlowController.swift in Sources */,
				A9EC6A8A2A5F0CA700FB792C /* LoginScreenView.swift in Sources */,
				A9EC6A992A5F3D2C00FB792C /* MainScreenFlowDelegate.swift in Sources */,
				A9EC6A642A5EF21E00FB792C /* SceneDelegate.swift in Sources */,
				A9EC6A972A5F3D2200FB792C /* MainScreenViewController.swift in Sources */,
				A9BEA0F52A61C5EB00E06221 /* LoginScreenViewModel.swift in Sources */,
				A9EC6A9B2A5F3D3200FB792C /* MainScreenView.swift in Sources */,
				A9BEA0FE2A65E32800E06221 /* UserDefaults.swift in Sources */,
				A9EC6A902A5F0CD400FB792C /* LoginScreenFlowDelegate.swift in Sources */,
				A9EC6A952A5F203500FB792C /* UITextField+ Ext.swift in Sources */,
				A9BEA0F32A61C4E300E06221 /* RequestData.swift in Sources */,
			);
			runOnlyForDeploymentPostprocessing = 0;
		};
/* End PBXSourcesBuildPhase section */

/* Begin XCBuildConfiguration section */
		A9EC6A702A5EF21F00FB792C /* Debug */ = {
			isa = XCBuildConfiguration;
			buildSettings = {
				ALWAYS_SEARCH_USER_PATHS = NO;
				CLANG_ANALYZER_NONNULL = YES;
				CLANG_ANALYZER_NUMBER_OBJECT_CONVERSION = YES_AGGRESSIVE;
				CLANG_CXX_LANGUAGE_STANDARD = "gnu++20";
				CLANG_ENABLE_MODULES = YES;
				CLANG_ENABLE_OBJC_ARC = YES;
				CLANG_ENABLE_OBJC_WEAK = YES;
				CLANG_WARN_BLOCK_CAPTURE_AUTORELEASING = YES;
				CLANG_WARN_BOOL_CONVERSION = YES;
				CLANG_WARN_COMMA = YES;
				CLANG_WARN_CONSTANT_CONVERSION = YES;
				CLANG_WARN_DEPRECATED_OBJC_IMPLEMENTATIONS = YES;
				CLANG_WARN_DIRECT_OBJC_ISA_USAGE = YES_ERROR;
				CLANG_WARN_DOCUMENTATION_COMMENTS = YES;
				CLANG_WARN_EMPTY_BODY = YES;
				CLANG_WARN_ENUM_CONVERSION = YES;
				CLANG_WARN_INFINITE_RECURSION = YES;
				CLANG_WARN_INT_CONVERSION = YES;
				CLANG_WARN_NON_LITERAL_NULL_CONVERSION = YES;
				CLANG_WARN_OBJC_IMPLICIT_RETAIN_SELF = YES;
				CLANG_WARN_OBJC_LITERAL_CONVERSION = YES;
				CLANG_WARN_OBJC_ROOT_CLASS = YES_ERROR;
				CLANG_WARN_QUOTED_INCLUDE_IN_FRAMEWORK_HEADER = YES;
				CLANG_WARN_RANGE_LOOP_ANALYSIS = YES;
				CLANG_WARN_STRICT_PROTOTYPES = YES;
				CLANG_WARN_SUSPICIOUS_MOVE = YES;
				CLANG_WARN_UNGUARDED_AVAILABILITY = YES_AGGRESSIVE;
				CLANG_WARN_UNREACHABLE_CODE = YES;
				CLANG_WARN__DUPLICATE_METHOD_MATCH = YES;
				COPY_PHASE_STRIP = NO;
				DEBUG_INFORMATION_FORMAT = dwarf;
				ENABLE_STRICT_OBJC_MSGSEND = YES;
				ENABLE_TESTABILITY = YES;
				GCC_C_LANGUAGE_STANDARD = gnu11;
				GCC_DYNAMIC_NO_PIC = NO;
				GCC_NO_COMMON_BLOCKS = YES;
				GCC_OPTIMIZATION_LEVEL = 0;
				GCC_PREPROCESSOR_DEFINITIONS = (
					"DEBUG=1",
					"$(inherited)",
				);
				GCC_WARN_64_TO_32_BIT_CONVERSION = YES;
				GCC_WARN_ABOUT_RETURN_TYPE = YES_ERROR;
				GCC_WARN_UNDECLARED_SELECTOR = YES;
				GCC_WARN_UNINITIALIZED_AUTOS = YES_AGGRESSIVE;
				GCC_WARN_UNUSED_FUNCTION = YES;
				GCC_WARN_UNUSED_VARIABLE = YES;
				IPHONEOS_DEPLOYMENT_TARGET = 13.0;
				MTL_ENABLE_DEBUG_INFO = INCLUDE_SOURCE;
				MTL_FAST_MATH = YES;
				ONLY_ACTIVE_ARCH = YES;
				SDKROOT = iphoneos;
				SWIFT_ACTIVE_COMPILATION_CONDITIONS = DEBUG;
				SWIFT_OPTIMIZATION_LEVEL = "-Onone";
			};
			name = Debug;
		};
		A9EC6A712A5EF21F00FB792C /* Release */ = {
			isa = XCBuildConfiguration;
			buildSettings = {
				ALWAYS_SEARCH_USER_PATHS = NO;
				CLANG_ANALYZER_NONNULL = YES;
				CLANG_ANALYZER_NUMBER_OBJECT_CONVERSION = YES_AGGRESSIVE;
				CLANG_CXX_LANGUAGE_STANDARD = "gnu++20";
				CLANG_ENABLE_MODULES = YES;
				CLANG_ENABLE_OBJC_ARC = YES;
				CLANG_ENABLE_OBJC_WEAK = YES;
				CLANG_WARN_BLOCK_CAPTURE_AUTORELEASING = YES;
				CLANG_WARN_BOOL_CONVERSION = YES;
				CLANG_WARN_COMMA = YES;
				CLANG_WARN_CONSTANT_CONVERSION = YES;
				CLANG_WARN_DEPRECATED_OBJC_IMPLEMENTATIONS = YES;
				CLANG_WARN_DIRECT_OBJC_ISA_USAGE = YES_ERROR;
				CLANG_WARN_DOCUMENTATION_COMMENTS = YES;
				CLANG_WARN_EMPTY_BODY = YES;
				CLANG_WARN_ENUM_CONVERSION = YES;
				CLANG_WARN_INFINITE_RECURSION = YES;
				CLANG_WARN_INT_CONVERSION = YES;
				CLANG_WARN_NON_LITERAL_NULL_CONVERSION = YES;
				CLANG_WARN_OBJC_IMPLICIT_RETAIN_SELF = YES;
				CLANG_WARN_OBJC_LITERAL_CONVERSION = YES;
				CLANG_WARN_OBJC_ROOT_CLASS = YES_ERROR;
				CLANG_WARN_QUOTED_INCLUDE_IN_FRAMEWORK_HEADER = YES;
				CLANG_WARN_RANGE_LOOP_ANALYSIS = YES;
				CLANG_WARN_STRICT_PROTOTYPES = YES;
				CLANG_WARN_SUSPICIOUS_MOVE = YES;
				CLANG_WARN_UNGUARDED_AVAILABILITY = YES_AGGRESSIVE;
				CLANG_WARN_UNREACHABLE_CODE = YES;
				CLANG_WARN__DUPLICATE_METHOD_MATCH = YES;
				COPY_PHASE_STRIP = NO;
				DEBUG_INFORMATION_FORMAT = "dwarf-with-dsym";
				ENABLE_NS_ASSERTIONS = NO;
				ENABLE_STRICT_OBJC_MSGSEND = YES;
				GCC_C_LANGUAGE_STANDARD = gnu11;
				GCC_NO_COMMON_BLOCKS = YES;
				GCC_WARN_64_TO_32_BIT_CONVERSION = YES;
				GCC_WARN_ABOUT_RETURN_TYPE = YES_ERROR;
				GCC_WARN_UNDECLARED_SELECTOR = YES;
				GCC_WARN_UNINITIALIZED_AUTOS = YES_AGGRESSIVE;
				GCC_WARN_UNUSED_FUNCTION = YES;
				GCC_WARN_UNUSED_VARIABLE = YES;
				IPHONEOS_DEPLOYMENT_TARGET = 13.0;
				MTL_ENABLE_DEBUG_INFO = NO;
				MTL_FAST_MATH = YES;
				SDKROOT = iphoneos;
				SWIFT_COMPILATION_MODE = wholemodule;
				SWIFT_OPTIMIZATION_LEVEL = "-O";
				VALIDATE_PRODUCT = YES;
			};
			name = Release;
		};
		A9EC6A732A5EF21F00FB792C /* Debug */ = {
			isa = XCBuildConfiguration;
			baseConfigurationReference = 2134C3B9F073FAC2D75EDEB5 /* Pods-VarejoInov.debug.xcconfig */;
			buildSettings = {
				ASSETCATALOG_COMPILER_APPICON_NAME = AppIcon;
				ASSETCATALOG_COMPILER_GLOBAL_ACCENT_COLOR_NAME = AccentColor;
				CODE_SIGN_STYLE = Automatic;
				CURRENT_PROJECT_VERSION = 1;
				DEVELOPMENT_TEAM = WNNJ4KX4AX;
				GENERATE_INFOPLIST_FILE = YES;
				INFOPLIST_FILE = VarejoInov/Info.plist;
				INFOPLIST_KEY_UIApplicationSupportsIndirectInputEvents = YES;
				INFOPLIST_KEY_UILaunchStoryboardName = LoginScreenViewController;
				INFOPLIST_KEY_UISupportedInterfaceOrientations_iPad = "UIInterfaceOrientationPortrait UIInterfaceOrientationPortraitUpsideDown UIInterfaceOrientationLandscapeLeft UIInterfaceOrientationLandscapeRight";
				INFOPLIST_KEY_UISupportedInterfaceOrientations_iPhone = "UIInterfaceOrientationPortrait UIInterfaceOrientationLandscapeLeft UIInterfaceOrientationLandscapeRight";
				LD_RUNPATH_SEARCH_PATHS = (
					"$(inherited)",
					"@executable_path/Frameworks",
				);
				MARKETING_VERSION = 1.0;
				PRODUCT_BUNDLE_IDENTIFIER = Abidu.VarejoInov;
				PRODUCT_NAME = "$(TARGET_NAME)";
				SWIFT_EMIT_LOC_STRINGS = YES;
				SWIFT_VERSION = 5.0;
				TARGETED_DEVICE_FAMILY = "1,2";
			};
			name = Debug;
		};
		A9EC6A742A5EF21F00FB792C /* Release */ = {
			isa = XCBuildConfiguration;
			baseConfigurationReference = 597FA1638084531C2201BF2F /* Pods-VarejoInov.release.xcconfig */;
			buildSettings = {
				ASSETCATALOG_COMPILER_APPICON_NAME = AppIcon;
				ASSETCATALOG_COMPILER_GLOBAL_ACCENT_COLOR_NAME = AccentColor;
				CODE_SIGN_STYLE = Automatic;
				CURRENT_PROJECT_VERSION = 1;
				DEVELOPMENT_TEAM = WNNJ4KX4AX;
				GENERATE_INFOPLIST_FILE = YES;
				INFOPLIST_FILE = VarejoInov/Info.plist;
				INFOPLIST_KEY_UIApplicationSupportsIndirectInputEvents = YES;
				INFOPLIST_KEY_UILaunchStoryboardName = LoginScreenViewController;
				INFOPLIST_KEY_UISupportedInterfaceOrientations_iPad = "UIInterfaceOrientationPortrait UIInterfaceOrientationPortraitUpsideDown UIInterfaceOrientationLandscapeLeft UIInterfaceOrientationLandscapeRight";
				INFOPLIST_KEY_UISupportedInterfaceOrientations_iPhone = "UIInterfaceOrientationPortrait UIInterfaceOrientationLandscapeLeft UIInterfaceOrientationLandscapeRight";
				LD_RUNPATH_SEARCH_PATHS = (
					"$(inherited)",
					"@executable_path/Frameworks",
				);
				MARKETING_VERSION = 1.0;
				PRODUCT_BUNDLE_IDENTIFIER = Abidu.VarejoInov;
				PRODUCT_NAME = "$(TARGET_NAME)";
				SWIFT_EMIT_LOC_STRINGS = YES;
				SWIFT_VERSION = 5.0;
				TARGETED_DEVICE_FAMILY = "1,2";
			};
			name = Release;
		};
/* End XCBuildConfiguration section */

/* Begin XCConfigurationList section */
		A9EC6A592A5EF21E00FB792C /* Build configuration list for PBXProject "VarejoInov" */ = {
			isa = XCConfigurationList;
			buildConfigurations = (
				A9EC6A702A5EF21F00FB792C /* Debug */,
				A9EC6A712A5EF21F00FB792C /* Release */,
			);
			defaultConfigurationIsVisible = 0;
			defaultConfigurationName = Release;
		};
		A9EC6A722A5EF21F00FB792C /* Build configuration list for PBXNativeTarget "VarejoInov" */ = {
			isa = XCConfigurationList;
			buildConfigurations = (
				A9EC6A732A5EF21F00FB792C /* Debug */,
				A9EC6A742A5EF21F00FB792C /* Release */,
			);
			defaultConfigurationIsVisible = 0;
			defaultConfigurationName = Release;
		};
/* End XCConfigurationList section */
	};
	rootObject = A9EC6A562A5EF21E00FB792C /* Project object */;
}
